
Microsoft Visual Studio Solution File, Format Version 12.00
# Visual Studio Version 16
VisualStudioVersion = 16.0.33214.272
MinimumVisualStudioVersion = 10.0.40219.1
Project("{FAE04EC0-301F-11D3-BF4B-00C04F79EFBC}") = "client", "client\client.csproj", "{1C43AB58-0000-4CA9-9899-5167E3E5D439}"
EndProject
Global
	GlobalSection(SolutionConfigurationPlatforms) = preSolution
		Debug|Any CPU = Debug|Any CPU
		Release|Any CPU = Release|Any CPU
	EndGlobalSection
	GlobalSection(ProjectConfigurationPlatforms) = postSolution
		{1C43AB58-0000-4CA9-9899-5167E3E5D439}.Debug|Any CPU.ActiveCfg = Debug|Any CPU
		{1C43AB58-0000-4CA9-9899-5167E3E5D439}.Debug|Any CPU.Build.0 = Debug|Any CPU
		{1C43AB58-0000-4CA9-9899-5167E3E5D439}.Release|Any CPU.ActiveCfg = Release|Any CPU
		{1C43AB58-0000-4CA9-9899-5167E3E5D439}.Release|Any CPU.Build.0 = Release|Any CPU
	EndGlobalSection
	GlobalSection(SolutionProperties) = preSolution
		HideSolutionNode = FALSE
	EndGlobalSection
	GlobalSection(ExtensibilityGlobals) = postSolution
		SolutionGuid = {AAE3B0BA-F557-4F2F-B399-9FF3C0D6B8C5}
	EndGlobalSection
EndGlobal
